
Microsoft Visual Studio Solution File, Format Version 12.00
# Visual Studio Version 16
VisualStudioVersion = 16.0.29709.97
MinimumVisualStudioVersion = 10.0.40219.1
Project("{FAE04EC0-301F-11D3-BF4B-00C04F79EFBC}") = "AccountingSoftware", "AccountingSoftware\AccountingSoftware.csproj", "{CD428458-9637-42EC-B707-30ACBD21C7E0}"
EndProject
Global
	GlobalSection(SolutionConfigurationPlatforms) = preSolution
		Debug|Any CPU = Debug|Any CPU
		Release|Any CPU = Release|Any CPU
	EndGlobalSection
	GlobalSection(ProjectConfigurationPlatforms) = postSolution
		{CD428458-9637-42EC-B707-30ACBD21C7E0}.Debug|Any CPU.ActiveCfg = Debug|Any CPU
		{CD428458-9637-42EC-B707-30ACBD21C7E0}.Debug|Any CPU.Build.0 = Debug|Any CPU
		{CD428458-9637-42EC-B707-30ACBD21C7E0}.Release|Any CPU.ActiveCfg = Release|Any CPU
		{CD428458-9637-42EC-B707-30ACBD21C7E0}.Release|Any CPU.Build.0 = Release|Any CPU
	EndGlobalSection
	GlobalSection(SolutionProperties) = preSolution
		HideSolutionNode = FALSE
	EndGlobalSection
	GlobalSection(ExtensibilityGlobals) = postSolution
		SolutionGuid = {D8204328-5A31-4E1D-96D6-3A604C6C8924}
	EndGlobalSection
EndGlobal
